
Microsoft Visual Studio Solution File, Format Version 12.00
# Visual Studio Version 17
VisualStudioVersion = 17.10.35013.160
MinimumVisualStudioVersion = 10.0.40219.1
Project("{FAE04EC0-301F-11D3-BF4B-00C04F79EFBC}") = "App", "App.csproj", "{EE983D5A-4A77-4664-866E-4E9199E8635E}"
EndProject
Global
	GlobalSection(SolutionConfigurationPlatforms) = preSolution
		Debug|Any CPU = Debug|Any CPU
		Release|Any CPU = Release|Any CPU
	EndGlobalSection
	GlobalSection(ProjectConfigurationPlatforms) = postSolution
		{EE983D5A-4A77-4664-866E-4E9199E8635E}.Debug|Any CPU.ActiveCfg = Debug|Any CPU
		{EE983D5A-4A77-4664-866E-4E9199E8635E}.Debug|Any CPU.Build.0 = Debug|Any CPU
		{EE983D5A-4A77-4664-866E-4E9199E8635E}.Release|Any CPU.ActiveCfg = Release|Any CPU
		{EE983D5A-4A77-4664-866E-4E9199E8635E}.Release|Any CPU.Build.0 = Release|Any CPU
	EndGlobalSection
	GlobalSection(SolutionProperties) = preSolution
		HideSolutionNode = FALSE
	EndGlobalSection
	GlobalSection(ExtensibilityGlobals) = postSolution
		SolutionGuid = {7E743427-B13D-4B7B-AD2D-41C3BFB287A7}
	EndGlobalSection
EndGlobal
